
Microsoft Visual Studio Solution File, Format Version 12.00
# Visual Studio Version 16
VisualStudioVersion = 16.0.29920.165
MinimumVisualStudioVersion = 10.0.40219.1
Project("{FAE04EC0-301F-11D3-BF4B-00C04F79EFBC}") = "CarRentalWebApplication", "CarRentalWebApplication\CarRentalWebApplication.csproj", "{64C78CC2-842F-4AC1-8DF5-2BF94A65B403}"
EndProject
Global
	GlobalSection(SolutionConfigurationPlatforms) = preSolution
		Debug|Any CPU = Debug|Any CPU
		Release|Any CPU = Release|Any CPU
	EndGlobalSection
	GlobalSection(ProjectConfigurationPlatforms) = postSolution
		{64C78CC2-842F-4AC1-8DF5-2BF94A65B403}.Debug|Any CPU.ActiveCfg = Debug|Any CPU
		{64C78CC2-842F-4AC1-8DF5-2BF94A65B403}.Debug|Any CPU.Build.0 = Debug|Any CPU
		{64C78CC2-842F-4AC1-8DF5-2BF94A65B403}.Release|Any CPU.ActiveCfg = Release|Any CPU
		{64C78CC2-842F-4AC1-8DF5-2BF94A65B403}.Release|Any CPU.Build.0 = Release|Any CPU
	EndGlobalSection
	GlobalSection(SolutionProperties) = preSolution
		HideSolutionNode = FALSE
	EndGlobalSection
	GlobalSection(ExtensibilityGlobals) = postSolution
		SolutionGuid = {3BE4B688-2F54-4778-94DC-5A0429DFE244}
	EndGlobalSection
EndGlobal
